Microsoft Visual Studio Solution File, Format Version 12.00
# Visual Studio Version 17
VisualStudioVersion = 17.5.2.0
MinimumVisualStudioVersion = 10.0.40219.1
Project("{FAE04EC0-301F-11D3-BF4B-00C04F79EFBC}") = "CORREDOR-", "CORREDOR-.csproj", "{A8DF35D7-8068-D901-1A49-46096EFF4210}"
EndProject
Global
	GlobalSection(SolutionConfigurationPlatforms) = preSolution
		Debug|Any CPU = Debug|Any CPU
		Release|Any CPU = Release|Any CPU
	EndGlobalSection
	GlobalSection(ProjectConfigurationPlatforms) = postSolution
		{A8DF35D7-8068-D901-1A49-46096EFF4210}.Debug|Any CPU.ActiveCfg = Debug|Any CPU
		{A8DF35D7-8068-D901-1A49-46096EFF4210}.Debug|Any CPU.Build.0 = Debug|Any CPU
		{A8DF35D7-8068-D901-1A49-46096EFF4210}.Release|Any CPU.ActiveCfg = Release|Any CPU
		{A8DF35D7-8068-D901-1A49-46096EFF4210}.Release|Any CPU.Build.0 = Release|Any CPU
	EndGlobalSection
	GlobalSection(SolutionProperties) = preSolution
		HideSolutionNode = FALSE
	EndGlobalSection
	GlobalSection(ExtensibilityGlobals) = postSolution
		SolutionGuid = {F2BBB1DF-9280-40B5-8216-1A3934EEE985}
	EndGlobalSection
EndGlobal
